{
  "name": "music theory v12",
  "lockfileVersion": 3,
  "requires": true,
  "packages": {
    "": {
      "dependencies": {
        "fast-check": "^4.4.0"
      }
    },
    "node_modules/fast-check": {
      "version": "4.4.0",
      "resolved": "https://registry.npmjs.org/fast-check/-/fast-check-4.4.0.tgz",
      "integrity": "sha512-s87BFAp8YaWYOBXjbTxeotaOhmA4hPYAyk9gBTFxdab25P6eAlqrryUvVMA2qd9bT/0Xq+YNJGtoVhJd/BxI4g==",
      "funding": [
        {
          "type": "individual",
          "url": "https://github.com/sponsors/dubzzz"
        },
        {
          "type": "opencollective",
          "url": "https://opencollective.com/fast-check"
        }
      ],
      "license": "MIT",
      "dependencies": {
        "pure-rand": "^7.0.0"
      },
      "engines": {
        "node": ">=12.17.0"
      }
    },
    "node_modules/pure-rand": {
      "version": "7.0.1",
      "resolved": "https://registry.npmjs.org/pure-rand/-/pure-rand-7.0.1.tgz",
      "integrity": "sha512-oTUZM/NAZS8p7ANR3SHh30kXB+zK2r2BPcEn/awJIbOvq82WoMN4p62AWWp3Hhw50G0xMsw1mhIBLqHw64EcNQ==",
      "funding": [
        {
          "type": "individual",
          "url": "https://github.com/sponsors/dubzzz"
        },
        {
          "type": "opencollective",
          "url": "https://opencollective.com/fast-check"
        }
      ],
      "license": "MIT"
    }
  }
}
